
Microsoft Visual Studio Solution File, Format Version 12.00
Project("{FAE04EC0-301F-11D3-BF4B-00C04F79EFBC}") = "IllustratorApi", "IllustratorApi.csproj", "{01052D62-68BD-44AE-A397-0721D37E93B1}"
EndProject
Project("{2150E333-8FDC-42A3-9474-1A3956D46DE8}") = "Solution Items", "Solution Items", "{B046C36E-E667-4E20-B541-4E0C0118A616}"
	ProjectSection(SolutionItems) = preProject
		compose.yaml = compose.yaml
	EndProjectSection
EndProject
Global
	GlobalSection(SolutionConfigurationPlatforms) = preSolution
		Debug|Any CPU = Debug|Any CPU
		Release|Any CPU = Release|Any CPU
	EndGlobalSection
	GlobalSection(ProjectConfigurationPlatforms) = postSolution
		{01052D62-68BD-44AE-A397-0721D37E93B1}.Debug|Any CPU.ActiveCfg = Debug|Any CPU
		{01052D62-68BD-44AE-A397-0721D37E93B1}.Debug|Any CPU.Build.0 = Debug|Any CPU
		{01052D62-68BD-44AE-A397-0721D37E93B1}.Release|Any CPU.ActiveCfg = Release|Any CPU
		{01052D62-68BD-44AE-A397-0721D37E93B1}.Release|Any CPU.Build.0 = Release|Any CPU
	EndGlobalSection
EndGlobal
